
Microsoft Visual Studio Solution File, Format Version 12.00
Project("{2150E333-8FDC-42A3-9474-1A3956D46DE8}") = "Core", "Core", "{B96D0D48-CCE5-4700-AC89-83425673C2C1}"
EndProject
Project("{FAE04EC0-301F-11D3-BF4B-00C04F79EFBC}") = "Notes.Domain", "Notes.Domain\Notes.Domain.csproj", "{CB1C7835-7466-43B8-81DA-4DC9E6DA23F7}"
EndProject
Project("{FAE04EC0-301F-11D3-BF4B-00C04F79EFBC}") = "Notes.Application", "Notes.Application\Notes.Application.csproj", "{E584F4FF-61DA-4FE7-A3DD-A932BA1DD413}"
EndProject
Project("{2150E333-8FDC-42A3-9474-1A3956D46DE8}") = "Infrastructure", "Infrastructure", "{7EF229A1-8830-4BFA-9536-67B1912F40DF}"
EndProject
Project("{2150E333-8FDC-42A3-9474-1A3956D46DE8}") = "Presentation", "Presentation", "{3F8BC8C9-2644-4239-BA8E-B88E5E440752}"
EndProject
Project("{FAE04EC0-301F-11D3-BF4B-00C04F79EFBC}") = "Notes.MVC", "Notes.MVC\Notes.MVC.csproj", "{11F19624-9E6F-4B13-B5AC-24175D61AE8A}"
EndProject
Project("{FAE04EC0-301F-11D3-BF4B-00C04F79EFBC}") = "Notes.Persistence", "Notes.Persistence\Notes.Persistence.csproj", "{9BAC3178-62CC-4CF2-BE30-FAEFC7BB64D4}"
EndProject
Global
	GlobalSection(SolutionConfigurationPlatforms) = preSolution
		Debug|Any CPU = Debug|Any CPU
		Release|Any CPU = Release|Any CPU
	EndGlobalSection
	GlobalSection(NestedProjects) = preSolution
		{CB1C7835-7466-43B8-81DA-4DC9E6DA23F7} = {B96D0D48-CCE5-4700-AC89-83425673C2C1}
		{E584F4FF-61DA-4FE7-A3DD-A932BA1DD413} = {B96D0D48-CCE5-4700-AC89-83425673C2C1}
		{11F19624-9E6F-4B13-B5AC-24175D61AE8A} = {3F8BC8C9-2644-4239-BA8E-B88E5E440752}
		{9BAC3178-62CC-4CF2-BE30-FAEFC7BB64D4} = {7EF229A1-8830-4BFA-9536-67B1912F40DF}
	EndGlobalSection
	GlobalSection(ProjectConfigurationPlatforms) = postSolution
		{CB1C7835-7466-43B8-81DA-4DC9E6DA23F7}.Debug|Any CPU.ActiveCfg = Debug|Any CPU
		{CB1C7835-7466-43B8-81DA-4DC9E6DA23F7}.Debug|Any CPU.Build.0 = Debug|Any CPU
		{CB1C7835-7466-43B8-81DA-4DC9E6DA23F7}.Release|Any CPU.ActiveCfg = Release|Any CPU
		{CB1C7835-7466-43B8-81DA-4DC9E6DA23F7}.Release|Any CPU.Build.0 = Release|Any CPU
		{E584F4FF-61DA-4FE7-A3DD-A932BA1DD413}.Debug|Any CPU.ActiveCfg = Debug|Any CPU
		{E584F4FF-61DA-4FE7-A3DD-A932BA1DD413}.Debug|Any CPU.Build.0 = Debug|Any CPU
		{E584F4FF-61DA-4FE7-A3DD-A932BA1DD413}.Release|Any CPU.ActiveCfg = Release|Any CPU
		{E584F4FF-61DA-4FE7-A3DD-A932BA1DD413}.Release|Any CPU.Build.0 = Release|Any CPU
		{11F19624-9E6F-4B13-B5AC-24175D61AE8A}.Debug|Any CPU.ActiveCfg = Debug|Any CPU
		{11F19624-9E6F-4B13-B5AC-24175D61AE8A}.Debug|Any CPU.Build.0 = Debug|Any CPU
		{11F19624-9E6F-4B13-B5AC-24175D61AE8A}.Release|Any CPU.ActiveCfg = Release|Any CPU
		{11F19624-9E6F-4B13-B5AC-24175D61AE8A}.Release|Any CPU.Build.0 = Release|Any CPU
		{9BAC3178-62CC-4CF2-BE30-FAEFC7BB64D4}.Debug|Any CPU.ActiveCfg = Debug|Any CPU
		{9BAC3178-62CC-4CF2-BE30-FAEFC7BB64D4}.Debug|Any CPU.Build.0 = Debug|Any CPU
		{9BAC3178-62CC-4CF2-BE30-FAEFC7BB64D4}.Release|Any CPU.ActiveCfg = Release|Any CPU
		{9BAC3178-62CC-4CF2-BE30-FAEFC7BB64D4}.Release|Any CPU.Build.0 = Release|Any CPU
	EndGlobalSection
EndGlobal
